
Microsoft Visual Studio Solution File, Format Version 12.00
# Visual Studio 15
VisualStudioVersion = 15.0.28307.168
MinimumVisualStudioVersion = 10.0.40219.1
Project("{FAE04EC0-301F-11D3-BF4B-00C04F79EFBC}") = "c0730108", "c0730108\c0730108.csproj", "{F93E3101-78EE-480E-B425-735380AA362F}"
EndProject
Global
	GlobalSection(SolutionConfigurationPlatforms) = preSolution
		Debug|Any CPU = Debug|Any CPU
		Release|Any CPU = Release|Any CPU
	EndGlobalSection
	GlobalSection(ProjectConfigurationPlatforms) = postSolution
		{F93E3101-78EE-480E-B425-735380AA362F}.Debug|Any CPU.ActiveCfg = Debug|Any CPU
		{F93E3101-78EE-480E-B425-735380AA362F}.Debug|Any CPU.Build.0 = Debug|Any CPU
		{F93E3101-78EE-480E-B425-735380AA362F}.Release|Any CPU.ActiveCfg = Release|Any CPU
		{F93E3101-78EE-480E-B425-735380AA362F}.Release|Any CPU.Build.0 = Release|Any CPU
	EndGlobalSection
	GlobalSection(SolutionProperties) = preSolution
		HideSolutionNode = FALSE
	EndGlobalSection
	GlobalSection(ExtensibilityGlobals) = postSolution
		SolutionGuid = {A709C99B-169A-474D-B37A-0B29FD12A124}
	EndGlobalSection
EndGlobal
